Microsoft Visual Studio Solution File, Format Version 11.00
# Visual Studio 2008

Project("{66F5F5D8-FBCA-2BE0-0280-4129A7B03B8B}") = "SpaceDefense", "Assembly-CSharp.csproj", "{CBC97F68-0379-15BE-4214-3302EDBAD49C}"
EndProject
Global
	GlobalSection(SolutionConfigurationPlatforms) = preSolution
		Debug|Any CPU = Debug|Any CPU
		Release|Any CPU = Release|Any CPU
	EndGlobalSection
	GlobalSection(ProjectConfigurationPlatforms) = postSolution
		{CBC97F68-0379-15BE-4214-3302EDBAD49C}.Debug|Any CPU.ActiveCfg = Debug|Any CPU
		{CBC97F68-0379-15BE-4214-3302EDBAD49C}.Debug|Any CPU.Build.0 = Debug|Any CPU
		{CBC97F68-0379-15BE-4214-3302EDBAD49C}.Release|Any CPU.ActiveCfg = Release|Any CPU
		{CBC97F68-0379-15BE-4214-3302EDBAD49C}.Release|Any CPU.Build.0 = Release|Any CPU
	EndGlobalSection
	GlobalSection(SolutionProperties) = preSolution
		HideSolutionNode = FALSE
	EndGlobalSection
		GlobalSection(MonoDevelopProperties) = preSolution
		StartupItem = Assembly-CSharp.csproj
		Policies = $0
		$0.TextStylePolicy = $1
		$1.inheritsSet = null
		$1.scope = text/x-csharp
		$0.CSharpFormattingPolicy = $2
		$2.inheritsSet = Mono
		$2.inheritsScope = text/x-csharp
		$2.scope = text/x-csharp
		$0.TextStylePolicy = $3
		$3.FileWidth = 120
		$3.TabWidth = 4
		$3.IndentWidth = 4
		$3.EolMarker = Unix
		$3.inheritsSet = Mono
		$3.inheritsScope = text/plain
		$3.scope = text/plain
	EndGlobalSection

EndGlobal
